
Microsoft Visual Studio Solution File, Format Version 12.00
# Visual Studio Version 17
VisualStudioVersion = 17.9.34902.65
MinimumVisualStudioVersion = 10.0.40219.1
Project("{9A19103F-16F7-4668-BE54-9A1E7A4F7556}") = "ProductManager.Data", "src\ProductManager.Data\ProductManager.Data.csproj", "{B7885F9A-9308-440D-948D-74E4420E9894}"
EndProject
Project("{9A19103F-16F7-4668-BE54-9A1E7A4F7556}") = "ProductManager.Domain", "src\ProductManager.Domain\ProductManager.Domain.csproj", "{7ED697AD-25BF-43A4-816F-4E5B3C04A628}"
EndProject
Project("{FAE04EC0-301F-11D3-BF4B-00C04F79EFBC}") = "ProductManager.Api", "src\ProductManager.Api\ProductManager.Api.csproj", "{463884A2-27D7-41EA-916A-76E8DD00348F}"
EndProject
Global
	GlobalSection(SolutionConfigurationPlatforms) = preSolution
		Debug|Any CPU = Debug|Any CPU
		Release|Any CPU = Release|Any CPU
	EndGlobalSection
	GlobalSection(ProjectConfigurationPlatforms) = postSolution
		{B7885F9A-9308-440D-948D-74E4420E9894}.Debug|Any CPU.ActiveCfg = Debug|Any CPU
		{B7885F9A-9308-440D-948D-74E4420E9894}.Debug|Any CPU.Build.0 = Debug|Any CPU
		{B7885F9A-9308-440D-948D-74E4420E9894}.Release|Any CPU.ActiveCfg = Release|Any CPU
		{B7885F9A-9308-440D-948D-74E4420E9894}.Release|Any CPU.Build.0 = Release|Any CPU
		{7ED697AD-25BF-43A4-816F-4E5B3C04A628}.Debug|Any CPU.ActiveCfg = Debug|Any CPU
		{7ED697AD-25BF-43A4-816F-4E5B3C04A628}.Debug|Any CPU.Build.0 = Debug|Any CPU
		{7ED697AD-25BF-43A4-816F-4E5B3C04A628}.Release|Any CPU.ActiveCfg = Release|Any CPU
		{7ED697AD-25BF-43A4-816F-4E5B3C04A628}.Release|Any CPU.Build.0 = Release|Any CPU
		{463884A2-27D7-41EA-916A-76E8DD00348F}.Debug|Any CPU.ActiveCfg = Debug|Any CPU
		{463884A2-27D7-41EA-916A-76E8DD00348F}.Debug|Any CPU.Build.0 = Debug|Any CPU
		{463884A2-27D7-41EA-916A-76E8DD00348F}.Release|Any CPU.ActiveCfg = Release|Any CPU
		{463884A2-27D7-41EA-916A-76E8DD00348F}.Release|Any CPU.Build.0 = Release|Any CPU
	EndGlobalSection
	GlobalSection(SolutionProperties) = preSolution
		HideSolutionNode = FALSE
	EndGlobalSection
	GlobalSection(ExtensibilityGlobals) = postSolution
		SolutionGuid = {CFEECF8E-3BE0-4DD4-B07C-3C06B8F9A61E}
	EndGlobalSection
EndGlobal
